
Microsoft Visual Studio Solution File, Format Version 12.00
# Visual Studio 14
VisualStudioVersion = 14.0.25420.1
MinimumVisualStudioVersion = 10.0.40219.1
Project("{FAE04EC0-301F-11D3-BF4B-00C04F79EFBC}") = "SeleniumPOM_sample", "SeleniumPOM_sample\SeleniumPOM_sample.csproj", "{60677554-B48B-4A25-B0A7-327DA31DA877}"
EndProject
Global
	GlobalSection(SolutionConfigurationPlatforms) = preSolution
		Debug|Any CPU = Debug|Any CPU
		Release|Any CPU = Release|Any CPU
	EndGlobalSection
	GlobalSection(ProjectConfigurationPlatforms) = postSolution
		{60677554-B48B-4A25-B0A7-327DA31DA877}.Debug|Any CPU.ActiveCfg = Debug|Any CPU
		{60677554-B48B-4A25-B0A7-327DA31DA877}.Debug|Any CPU.Build.0 = Debug|Any CPU
		{60677554-B48B-4A25-B0A7-327DA31DA877}.Release|Any CPU.ActiveCfg = Release|Any CPU
		{60677554-B48B-4A25-B0A7-327DA31DA877}.Release|Any CPU.Build.0 = Release|Any CPU
	EndGlobalSection
	GlobalSection(SolutionProperties) = preSolution
		HideSolutionNode = FALSE
	EndGlobalSection
EndGlobal
